
Microsoft Visual Studio Solution File, Format Version 12.00
# Visual Studio Version 16
VisualStudioVersion = 16.0.32510.428
MinimumVisualStudioVersion = 10.0.40219.1
Project("{9A19103F-16F7-4668-BE54-9A1E7A4F7556}") = "ResourceApi", "ResourceApi\ResourceApi.csproj", "{D0FAA765-B84B-487B-82A6-17E9209FB3A8}"
EndProject
Project("{9A19103F-16F7-4668-BE54-9A1E7A4F7556}") = "IdentityApi", "IdentityApi\IdentityApi.csproj", "{62B09680-BA27-498A-85EB-1AB8C634DF62}"
EndProject
Project("{9A19103F-16F7-4668-BE54-9A1E7A4F7556}") = "ResourceApi.Tests", "ResourceApi.Tests\ResourceApi.Tests.csproj", "{B2381461-7C65-4261-BCA4-5F84FAF063B3}"
EndProject
Global
	GlobalSection(SolutionConfigurationPlatforms) = preSolution
		Debug|Any CPU = Debug|Any CPU
		Release|Any CPU = Release|Any CPU
	EndGlobalSection
	GlobalSection(ProjectConfigurationPlatforms) = postSolution
		{D0FAA765-B84B-487B-82A6-17E9209FB3A8}.Debug|Any CPU.ActiveCfg = Debug|Any CPU
		{D0FAA765-B84B-487B-82A6-17E9209FB3A8}.Debug|Any CPU.Build.0 = Debug|Any CPU
		{D0FAA765-B84B-487B-82A6-17E9209FB3A8}.Release|Any CPU.ActiveCfg = Release|Any CPU
		{D0FAA765-B84B-487B-82A6-17E9209FB3A8}.Release|Any CPU.Build.0 = Release|Any CPU
		{62B09680-BA27-498A-85EB-1AB8C634DF62}.Debug|Any CPU.ActiveCfg = Debug|Any CPU
		{62B09680-BA27-498A-85EB-1AB8C634DF62}.Debug|Any CPU.Build.0 = Debug|Any CPU
		{62B09680-BA27-498A-85EB-1AB8C634DF62}.Release|Any CPU.ActiveCfg = Release|Any CPU
		{62B09680-BA27-498A-85EB-1AB8C634DF62}.Release|Any CPU.Build.0 = Release|Any CPU
		{B2381461-7C65-4261-BCA4-5F84FAF063B3}.Debug|Any CPU.ActiveCfg = Debug|Any CPU
		{B2381461-7C65-4261-BCA4-5F84FAF063B3}.Debug|Any CPU.Build.0 = Debug|Any CPU
		{B2381461-7C65-4261-BCA4-5F84FAF063B3}.Release|Any CPU.ActiveCfg = Release|Any CPU
		{B2381461-7C65-4261-BCA4-5F84FAF063B3}.Release|Any CPU.Build.0 = Release|Any CPU
	EndGlobalSection
	GlobalSection(SolutionProperties) = preSolution
		HideSolutionNode = FALSE
	EndGlobalSection
	GlobalSection(ExtensibilityGlobals) = postSolution
		SolutionGuid = {D6AB6D7D-911A-4F8A-AE9F-6B80E06AD3B5}
	EndGlobalSection
EndGlobal
